{
    "_meta": {
        "hash": {
            "sha256": "f1a2409c49c1a04ffbb7341c1f983ebe5fcd17cc940ce73652773bb3d01a13d1"
        },
        "pipfile-spec": 6,
        "requires": {
            "python_version": "3.5"
        },
        "sources": [
            {
                "name": "pypi",
                "url": "https://pypi.org/simple",
                "verify_ssl": true
            }
        ]
    },
    "default": {
        "atomicwrites": {
            "hashes": [
                "sha256:03472c30eb2c5d1ba9227e4c2ca66ab8287fbfbbda3888aa93dc2e28fc6811b4",
                "sha256:75a9445bac02d8d058d5e1fe689654ba5a6556a1dfd8ce6ec55a0ed79866cfa6"
            ],
            "version": "==1.3.0"
        },
        "attrs": {
            "hashes": [
                "sha256:08a96c641c3a74e44eb59afb61a24f2cb9f4d7188748e76ba4bb5edfa3cb7d1c",
                "sha256:f7b7ce16570fe9965acd6d30101a28f62fb4a7f9e926b3bbc9b61f8b04247e72"
            ],
            "version": "==19.3.0"
        },
        "backports-abc": {
            "hashes": [
                "sha256:033be54514a03e255df75c5aee8f9e672f663f93abb723444caec8fe43437bde",
                "sha256:52089f97fe7a9aa0d3277b220c1d730a85aefd64e1b2664696fe35317c5470a7"
            ],
            "index": "pypi",
            "version": "==0.5"
        },
        "backports.shutil-get-terminal-size": {
            "hashes": [
                "sha256:0975ba55054c15e346944b38956a4c9cbee9009391e41b86c68990effb8c1f64",
                "sha256:713e7a8228ae80341c70586d1cc0a8caa5207346927e23d09dcbcaf18eadec80"
            ],
            "index": "pypi",
            "version": "==1.0.0"
        },
        "bleach": {
            "hashes": [
                "sha256:760a9368002180fb8a0f4ea48dc6275378e6f311c39d0236d7b904fca1f5ea0d",
                "sha256:7a316eac1eef1e98b9813636ebe05878aab1a658d2708047fb00fe2bcbc49f84"
            ],
            "index": "pypi",
            "version": "==2.1.1"
        },
        "certifi": {
            "hashes": [
                "sha256:40523d2efb60523e113b44602298f0960e900388cf3bb6043f645cf57ea9e3f5",
                "sha256:54a07c09c586b0e4c619f02a5e94e36619da8e2b053e20f594348c0611803704"
            ],
            "index": "pypi",
            "version": "==2017.7.27.1"
        },
        "configparser": {
            "hashes": [
                "sha256:5308b47021bc2340965c371f0f058cc6971a04502638d4244225c49d80db273a"
            ],
            "index": "pypi",
            "version": "==3.5.0"
        },
        "cycler": {
            "hashes": [
                "sha256:1d8a5ae1ff6c5cf9b93e8811e581232ad8920aeec647c37316ceac982b08cb2d",
                "sha256:cd7b2d1018258d7247a71425e9f26463dfb444d411c39569972f4ce586b0c9d8"
            ],
            "index": "pypi",
            "version": "==0.10.0"
        },
        "cython": {
            "hashes": [
                "sha256:03db8c1b8120039f72493b95494a595be13b01b6860cfc93e2a651a001847b3b",
                "sha256:0d2ccb812d73e67557fd16e7aa7bc5bac18933c1dfe306133cd0680ccab89f33",
                "sha256:24f8ea864de733f5a447896cbeec2cac212247e33272539670b9f466f43f23db",
                "sha256:30a8fd029eb932a7b5a74e158316d1d069ccb67a8607aa7b6c4ed19fab7fbd4a",
                "sha256:37e680901e6a4b97ab67717f9b43fc58542cd10a77431efd2d8801d21d5a37d4",
                "sha256:4984e097bc9da37862d97c1f66dacf2c80fadaea488d96ba0b5ea9d84dbc7521",
                "sha256:4cfda677227af41e4502e088ee9875e71922238a207d0c40785a0fb09c703c21",
                "sha256:4ec60a4086a175a81b9258f810440a6dd2671aa4b419d8248546d85a7de6a93f",
                "sha256:51c7d48ea4cba532d11a6d128ebbc15373013f816e5d1c3a3946650b582a30b8",
                "sha256:634e2f10fc8d026c633cffacb45cd8f4582149fa68e1428124e762dbc566e68a",
                "sha256:67e0359709c8addc3ecb19e1dec6d84d67647e3906da618b953001f6d4480275",
                "sha256:6a93d4ba0461edc7a359241f4ebbaa8f9bc9490b3540a8dd0460bef8c2c706db",
                "sha256:6ba89d56c3ee45716378cda4f0490c3abe1edf79dce8b997f31608b14748a52b",
                "sha256:6ca5436d470584ba6fd399a802c9d0bcf76cf1edb0123725a4de2f0048f9fa07",
                "sha256:7656895cdd59d56dd4ed326d1ee9ede727020d4a5d8778a05af2d8e25af4b13d",
                "sha256:85f7432776870d65639fed00f951a3c05ef1e534bc72a73cd1200d79b9a7d7d0",
                "sha256:96dd674e72281d3feed74fd5adcf0514ba02884f123cdf4fb78567e7be6b1694",
                "sha256:97bf06a89bcf9e8d7633cde89274d42b3b661dc974b58fca066fad762e46b4d8",
                "sha256:9a465e7296a4629139be5d2015577f2ae5e08196eb7dc4c407beea130f362dc3",
                "sha256:9a60355edca1cc9006be086e2633e190542aad2bf9e46948792a48b3ae28ed97",
                "sha256:9eab3696f2cb88167db109d737c787fb9dd34ca414bd1e0c424e307956e02c94",
                "sha256:c3ae7d40ebceb0d944dfeeceaf1fbf17e528f5327d97b008a8623ddddd1ecee3",
                "sha256:c623d19fcc60ea27882f20cf484218926ddf6f978b958dae1070600a1974f809",
                "sha256:c719a6e86d7c737afcc9729994f76b284d1c512099ee803eff11c2a9e6e33a42",
                "sha256:cf17af0433218a1e33dc6f3069dd9e7cd0c80fe505972c3acd548e25f67973fd",
                "sha256:daf96e0d232605e979995795f62ffd24c5c6ecea4526e4cbb86d80f01da954b2",
                "sha256:db40de7d03842d3c4625028a74189ade52b27f8efaeb0d2ca06474f57e0813b2",
                "sha256:deea1ef59445568dd7738fa3913aea7747e4927ff4ae3c10737844b8a5dd3e22",
                "sha256:e05d28b5ce1ee5939d83e50344980659688ecaed65c5e10214d817ecf5d1fe6a",
                "sha256:f5f6694ce668eb7a9b59550bfe4265258809c9b0665c206b26d697df2eef2a8b"
            ],
            "index": "pypi",
            "version": "==0.28.2"
        },
        "decorator": {
            "hashes": [
                "sha256:7cb64d38cb8002971710c8899fbdfb859a23a364b7c99dab19d1f719c2ba16b5",
                "sha256:95a26b17806e284452bfd97fa20aa1e8cb4ee23542bda4dbac5e4562aa1642cd"
            ],
            "index": "pypi",
            "version": "==4.1.2"
        },
        "easytkinter": {
            "hashes": [
                "sha256:313d00af0236d4fd5c369cb9cc19c95eaf03fec8d18ba7872a23e206016db06f",
                "sha256:ac22baf875a82d47229c61bb00afcffd1767d9ce068f18795bdcf33435a40404"
            ],
            "index": "pypi",
            "version": "==1.1.0"
        },
        "entrypoints": {
            "hashes": [
                "sha256:10ad569bb245e7e2ba425285b9fa3e8178a0dc92fc53b1e1c553805e15a8825b",
                "sha256:d2d587dde06f99545fb13a383d2cd336a8ff1f359c5839ce3a64c917d10c029f"
            ],
            "index": "pypi",
            "version": "==0.2.3"
        },
        "enum34": {
            "hashes": [
                "sha256:2d81cbbe0e73112bdfe6ef8576f2238f2ba27dd0d55752a776c41d38b7da2850",
                "sha256:644837f692e5f550741432dd3f223bbb9852018674981b1664e5dc339387588a",
                "sha256:6bd0f6ad48ec2aa117d3d141940d484deccda84d4fcd884f5c3d93c23ecd8c79",
                "sha256:8ad8c4783bf61ded74527bffb48ed9b54166685e4230386a9ed9b1279e2df5b1"
            ],
            "index": "pypi",
            "version": "==1.1.6"
        },
        "funcsigs": {
            "hashes": [
                "sha256:330cc27ccbf7f1e992e69fef78261dc7c6569012cf397db8d3de0234e6c937ca",
                "sha256:a7bb0f2cf3a3fd1ab2732cb49eba4252c2af4240442415b4abce3b87022a8f50"
            ],
            "index": "pypi",
            "version": "==1.0.2"
        },
        "future": {
            "hashes": [
                "sha256:b1bead90b70cf6ec3f0710ae53a525360fa360d306a86583adc6bf83a4db537d"
            ],
            "index": "pypi",
            "version": "==0.18.2"
        },
        "graphviz": {
            "hashes": [
                "sha256:2b91add3c2f770e2c20a867bb9e1bd2d7e3b95bc4a70ea0b062b4b0a902a2b97",
                "sha256:6bffbec8b7a0619fe745515039d0d6bb41b6632f3dee02bcd2601581abc63f03"
            ],
            "index": "pypi",
            "version": "==0.8.1"
        },
        "html5lib": {
            "hashes": [
                "sha256:20b159aa3badc9d5ee8f5c647e5efd02ed2a66ab8d354930bd9ff139fc1dc0a3",
                "sha256:66cb0dcfdbbc4f9c3ba1a63fdb511ffdbd4f513b2b6d81b80cd26ce6b3fb3736"
            ],
            "version": "==1.0.1"
        },
        "importlib-metadata": {
            "hashes": [
                "sha256:aa18d7378b00b40847790e7c27e11673d7fed219354109d0e7b9e5b25dc3ad26",
                "sha256:d5f18a79777f3aa179c145737780282e27b508fc8fd688cb17c7a813e8bd39af"
            ],
            "markers": "python_version < '3.8'",
            "version": "==0.23"
        },
        "ipaddress": {
            "hashes": [
                "sha256:64b28eec5e78e7510698f6d4da08800a5c575caa4a286c93d651c5d3ff7b6794",
                "sha256:b146c751ea45cad6188dd6cf2d9b757f6f4f8d6ffb96a023e6f2e26eea02a72c"
            ],
            "index": "pypi",
            "version": "==1.0.22"
        },
        "ipdb": {
            "hashes": [
                "sha256:9ea256b4280fbe12840fb9dfc3ce498c6c6de03352eca293e4400b0dfbed2b28"
            ],
            "index": "pypi",
            "version": "==0.10.3"
        },
        "ipykernel": {
            "hashes": [
                "sha256:188c786b7d1786b10214aa64089e62bb2ee54dd2aa3d17db5bb39ffacf44b21d",
                "sha256:2e1825aca4e2585b5adb7953ea16e53f53a62159ed49952a564b1e23507205db",
                "sha256:afe2bebd8b47ac91801f13f26c228897ebd63793e7daa271921fdbc6dd719173"
            ],
            "index": "pypi",
            "version": "==4.6.1"
        },
        "ipython": {
            "hashes": [
                "sha256:185ef2093dbac6d7250fe9ed4d4dd0f18f10d0a6ac6169f3eeb2ff0663d96b92",
                "sha256:578e2f3d779ed130a3cfefc09b2eb965a81457f6a31a25cd38e0bab622d4777d",
                "sha256:66469e894d1f09d14a1f23b971a410af131daa9ad2a19922082e02e0ddfd150f"
            ],
            "index": "pypi",
            "version": "==5.5.0"
        },
        "ipython-genutils": {
            "hashes": [
                "sha256:72dd37233799e619666c9f639a9da83c34013a73e8bbc79a7a6348d93c61fab8",
                "sha256:eb2e116e75ecef9d4d228fdc66af54269afa26ab4463042e33785b887c628ba8"
            ],
            "index": "pypi",
            "version": "==0.2.0"
        },
        "ipywidgets": {
            "hashes": [
                "sha256:3d901e185213c0f7d5cfc665ade3386d26a7dd11f20fbe058e5ab4a464263ec8",
                "sha256:8692b6656c7f492ca3b08441fdd44ac311860282ca5eac7b4f68d1f1cbdef43d"
            ],
            "index": "pypi",
            "version": "==7.0.1"
        },
        "jinja2": {
            "hashes": [
                "sha256:2231bace0dfd8d2bf1e5d7e41239c06c9e0ded46e70cc1094a0aa64b0afeb054",
                "sha256:ddaa01a212cd6d641401cb01b605f4a4d9f37bfc93043d7f760ec70fb99ff9ff"
            ],
            "index": "pypi",
            "version": "==2.9.6"
        },
        "jsonschema": {
            "hashes": [
                "sha256:000e68abd33c972a5248544925a0cae7d1125f9bf6c58280d37546b946769a08",
                "sha256:6ff5f3180870836cae40f06fa10419f557208175f13ad7bc26caa77beb1f6e02"
            ],
            "index": "pypi",
            "version": "==2.6.0"
        },
        "jupyter": {
            "hashes": [
                "sha256:3e1f86076bbb7c8c207829390305a2b1fe836d471ed54be66a3b8c41e7f46cc7",
                "sha256:5b290f93b98ffbc21c0c7e749f054b3267782166d72fa5e3ed1ed4eaf34a2b78",
                "sha256:d9dc4b3318f310e34c82951ea5d6683f67bed7def4b259fafbfe4f1beb1d8e5f"
            ],
            "index": "pypi",
            "version": "==1.0.0"
        },
        "jupyter-client": {
            "hashes": [
                "sha256:ca30cf1786047925ebacd6f6faa3a993efaa004b584f7d83bc8b807f7cd3f6bb",
                "sha256:dc00ed35d43f2959a459bdda3ea061f6b9afb2f65a797a170a6e4e0acb274d03"
            ],
            "index": "pypi",
            "version": "==5.2.0"
        },
        "jupyter-console": {
            "hashes": [
                "sha256:3f928b817fc82cda95e431eb4c2b5eb21be5c483c2b43f424761a966bb808094",
                "sha256:545dedd3aaaa355148093c5609f0229aeb121b4852995c2accfa64fe3e0e55cd"
            ],
            "index": "pypi",
            "version": "==5.2.0"
        },
        "jupyter-core": {
            "hashes": [
                "sha256:927d713ffa616ea11972534411544589976b2493fc7e09ad946e010aa7eb9970",
                "sha256:ba70754aa680300306c699790128f6fbd8c306ee5927976cbe48adacf240c0b7"
            ],
            "index": "pypi",
            "version": "==4.4.0"
        },
        "markupsafe": {
            "hashes": [
                "sha256:a6be69091dac236ea9c6bc7d012beab42010fa914c459791d627dad4910eb665"
            ],
            "index": "pypi",
            "version": "==1.0"
        },
        "matplotlib": {
            "hashes": [
                "sha256:025f49079f840dc887e593d86aa0cc02671bd9363919f209c1145fc12743df94",
                "sha256:0ffbc44faa34a8b1704bc108c451ecf87988f900ef7ce757b8e2e84383121ff1",
                "sha256:1da49090f6286f54cdbccc423bed35417f621172d9aecbfc9608b87b99a73a11",
                "sha256:2a251c6c87cceb4677e3c35a8e1c73973d05025d8ed6322861102e1a336db5f8",
                "sha256:30a3d8700dcad90eb43dcbde5107ccc5ec67241f34de377de11dbef371e4a683",
                "sha256:481da65b536183497952d0f620defea88206edb8387839a2802951956492cb1d",
                "sha256:64410b788c81e1f50ad7066d245e0a3421fbc278d2e26c34e2e4681f2a023b64",
                "sha256:647c02a9f333cb7055f42527cf2bd85fb3615fd8de0cce4648d327efaffe5458",
                "sha256:64dcf5e99d6c0b100903d4c8a339dbac6e0822870ef420fc09f656deb1dd73c6",
                "sha256:7671819e29e43635f4e1fddc06dd86cd9d5a2fdeb67312538791e222e7ae3af7",
                "sha256:8168cc902aaa965f033c099238b80f5a8853664324c5837b10fee688c12ec3b6",
                "sha256:8814f728b1f037ebc20e7216f0c498bdd17daefa1a44d99f2466a4c21d0ff541",
                "sha256:8e009ec991f39dc1c0f6f891bfb68e794a08ac98b5c343274099da2865e2f932",
                "sha256:afd8cb8194ee5500d7b5b9be034d9c13b0a3db0288d8988abaaa94b4ec7bbca5",
                "sha256:c23aca1fb3546b4b60a8ff16c1318874da05bf0dc47accd9cd818a99ad7b35d2",
                "sha256:c7bae47ab1c15da0265f8aa2d183457afd05c78fbb77e960a346bc87b3fdb57c",
                "sha256:d0da5ceba1a77130603b7b8cc3e5b8c58b7e733d3948fcec1fcf4aa812b024cc",
                "sha256:ec9f09fd35624b735271997527e2c2fd7f905d1612ce5dabdda4836a15ab7411"
            ],
            "index": "pypi",
            "version": "==2.0.2"
        },
        "mistune": {
            "hashes": [
                "sha256:4ee2350e750acab4c4ae2fb16197f9f27b9a4740e87ed4ad9f7ecdc987bed9bc",
                "sha256:8517af9f5cd1857bb83f9a23da75aa516d7538c32a2c5d5c56f3789a9e4cd22f",
                "sha256:94b9f0c3c7f2bae302009d8bec2bb803daec8879e0ea2102630f5ea7ade2c96b",
                "sha256:9d21a8ad203c6d7253492518fde7e633c561fecd544301017ab4a5929452955b"
            ],
            "index": "pypi",
            "version": "==0.7.4"
        },
        "more-itertools": {
            "hashes": [
                "sha256:409cd48d4db7052af495b09dec721011634af3753ae1ef92d2b32f73a745f832",
                "sha256:92b8c4b06dac4f0611c0729b2f2ede52b2e1bac1ab48f089c7ddc12e26bb60c4"
            ],
            "version": "==7.2.0"
        },
        "nbconvert": {
            "hashes": [
                "sha256:12b1a4671d4463ab73af6e4cbcc965b62254e05d182cd54995dda0d0ef9e2db9",
                "sha256:260d390b989a647575b8ecae2cd06a9eaead10d396733d6e50185d5ebd08996e"
            ],
            "index": "pypi",
            "version": "==5.3.1"
        },
        "nbformat": {
            "hashes": [
                "sha256:b9a0dbdbd45bb034f4f8893cafd6f652ea08c8c1674ba83f2dc55d3955743b0b",
                "sha256:f7494ef0df60766b7cabe0a3651556345a963b74dbc16bc7c18479041170d402"
            ],
            "index": "pypi",
            "version": "==4.4.0"
        },
        "networkx": {
            "hashes": [
                "sha256:64272ca418972b70a196cb15d9c85a5a6041f09a2f32e0d30c0255f25d458bb1"
            ],
            "index": "pypi",
            "version": "==2.1"
        },
        "nose": {
            "hashes": [
                "sha256:9ff7c6cc443f8c51994b34a667bbcf45afd6d945be7477b52e97516fd17c53ac",
                "sha256:dadcddc0aefbf99eea214e0f1232b94f2fa9bd98fa8353711dacb112bfcbbb2a",
                "sha256:f1bffef9cbc82628f6e7d7b40d7e255aefaa1adb6a1b1d26c69a8b79e6208a98"
            ],
            "index": "pypi",
            "version": "==1.3.7"
        },
        "notebook": {
            "hashes": [
                "sha256:661341909008d1e7bfa1541904006f9789fa3de1cbec8379d2879819454cc04b",
                "sha256:91705b109fc785198faed892489cddb233265564d5e2dad5e4f7974af05ee8dd"
            ],
            "index": "pypi",
            "version": "==5.7.2"
        },
        "numpy": {
            "hashes": [
                "sha256:0074d42e2cc333800bd09996223d40ec52e3b1ec0a5cab05dacc09b662c4c1ae",
                "sha256:034717bfef517858abc79324820a702dc6cd063effb9baab86533e8a78670689",
                "sha256:0db6301324d0568089663ef2701ad90ebac0e975742c97460e89366692bd0563",
                "sha256:1864d005b2eb7598063e35c320787d87730d864f40d6410f768fe4ea20672016",
                "sha256:46ce8323ca9384814c7645298b8b627b7d04ce97d6948ef02da357b2389d6972",
                "sha256:510863d606c932b41d2209e4de6157ab3fdf52001d3e4ad351103176d33c4b8b",
                "sha256:560e23a12e7599be8e8b67621396c5bc687fd54b48b890adbc71bc5a67333f86",
                "sha256:57dc6c22d59054542600fce6fae2d1189b9c50bafc1aab32e55f7efcc84a6c46",
                "sha256:760550fdf9d8ec7da9c4402a4afe6e25c0f184ae132011676298a6b636660b45",
                "sha256:8670067685051b49d1f2f66e396488064299fefca199c7c80b6ba0c639fedc98",
                "sha256:9016692c7d390f9d378fc88b7a799dc9caa7eb938163dda5276d3f3d6f75debf",
                "sha256:98ff275f1b5907490d26b30b6ff111ecf2de0254f0ab08833d8fe61aa2068a00",
                "sha256:9ccf4d5c9139b1e985db915039baa0610a7e4a45090580065f8d8cb801b7422f",
                "sha256:a8dbab311d4259de5eeaa5b4e83f5f8545e4808f9144e84c0f424a6ee55a7b98",
                "sha256:aaef1bea636b6e552bbc5dae0ada87d4f6046359daaa97a05a013b0169620f27",
                "sha256:b8987e30d9a0eb6635df9705a75cf8c4a2835590244baecf210163343bc65176",
                "sha256:c3fe23df6fe0898e788581753da453f877350058c5982e85a8972feeecb15309",
                "sha256:c5eb7254cfc4bd7a4330ad7e1f65b98343836865338c57b0e25c661e41d5cfd9",
                "sha256:c80fcf9b38c7f4df666150069b04abbd2fe42ae640703a6e1f128cda83b552b7",
                "sha256:e33baf50f2f6b7153ddb973601a11df852697fba4c08b34a5e0f39f66f8120e1",
                "sha256:e8578a62a8eaf552b95d62f630bb5dd071243ba1302bbff3e55ac48588508736",
                "sha256:f22b3206f1c561dd9110b93d144c6aaa4a9a354e3b07ad36030df3ea92c5bb5b",
                "sha256:f39afab5769b3aaa786634b94b4a23ef3c150bdda044e8a32a3fc16ddafe803b"
            ],
            "index": "pypi",
            "version": "==1.14.3"
        },
        "olefile": {
            "hashes": [
                "sha256:61f2ca0cd0aa77279eb943c07f607438edf374096b66332fae1ee64a6f0f73ad"
            ],
            "index": "pypi",
            "version": "==0.44"
        },
        "opencv-python": {
            "hashes": [
                "sha256:042b141424978d2cc9b32905a22b137d39d9f61d60f9cd970d9ed35da8b508d8",
                "sha256:0550060919e4aa0083c552e1e9d3e6548fe946a34bbe573b94ea6e9bf9d8da4e",
                "sha256:154daf889e23b0c6b27449033561699378094230e3b2a29515f74b06a682e806",
                "sha256:1f48aa26bde4607d7e797b768ec7cac796f8b98e3cc313de4942193731daa155",
                "sha256:2c6c43d95e618f7c97c81553daa6cc476f83cb9b4782c131b104171d909427cc",
                "sha256:42d53bdb47fadc7d266c88a00120f452171bfda06f8cbb12706106c26a28322d",
                "sha256:45ea2d208277c044d7fb9ec0f47f44227bcabfcacb0cd4687f217cb01e7c133d",
                "sha256:4fb8bcc669c5be8f342b6ea7dcba00c7c4bba9e0dd68a48a5e3428e396853150",
                "sha256:54bfe1e32f0fcd919c1883f173787bef019aa38c6202259265b1fa15270602f4",
                "sha256:5ffc9d9d7922b808fed6ed4bbbc596b799d2ba93cceb2dd87a03b6489051d7e2",
                "sha256:70cb9b121649c5bfba3aba29b517e9ed34ae9fb9dbff5e211f979a778f230cc2",
                "sha256:77cc97703bbecad79484cfcd49a7e21b81ba7d481ae7a030a482347760fd6694",
                "sha256:90ad5029ff9a8dde58b01aa6d8903989dde9c13fc88f403d1af20a4ae8917ba2",
                "sha256:9fdaab937a0f9e8237c89bac8ff01279b2321e74fe0cdeaeb3710854d96819c8",
                "sha256:a1298bfdb7475740a825c28c9c0ecce4d80225376702c72b7fe296f7eb9f3e0b",
                "sha256:a16698f2d1a4c7f8c604482f252ac3b44fb680878e84e2b091b76ba6cb23d4b0",
                "sha256:a2141cfb98c7e6d3ab7c50b511b02d688057417ac0a89d64795394a0e91369b4",
                "sha256:ac3d16be4662ce179187b51ae5698f0d25b970ab9e79d7216f6587623703c61a",
                "sha256:b1951fece88abb0d630a8b93eae2fa6cbf085dfcd727b34ccd9151008965cc7c",
                "sha256:c5c95a5e8f7aaa90da39604fe2e467b914183c81c7c776e2cade0173922c48cc",
                "sha256:cfe04992f508389e0a21eebb3b109c560b4b55ce66eab9783baa74f4b51aef3b",
                "sha256:d7eae953eaf8f9a0d9c3aa54dc59ff80322f156a5293940e5ab50ff7d46f6659",
                "sha256:de08cda9999a6095552d26ed96fa86519c93bccd80a1cd7762feec9e4f935e43",
                "sha256:e4f46417e7a9b9df050b1bc2596a33cc7036a2cb0ec8d4a03bd80c7601ef87be",
                "sha256:e50f2897b85eb40bf6b9a51fb62ecc0b00fb18edaf376febf8cf55d29baadf58",
                "sha256:e91df696f8e84a306b3c95c041df2e19d752ede94006f388483d47105e15185d",
                "sha256:ee8de5169d1f2639e9a7f76a59eb1c5d7708051fc3f7e336bf430b1b61533922"
            ],
            "index": "pypi",
            "version": "==3.4.5.20"
        },
        "packaging": {
            "hashes": [
                "sha256:28b924174df7a2fa32c1953825ff29c61e2f5e082343165438812f00d3a7fc47",
                "sha256:d9551545c6d761f3def1677baf08ab2a3ca17c56879e70fecba2fc4dde4ed108"
            ],
            "version": "==19.2"
        },
        "pandocfilters": {
            "hashes": [
                "sha256:b3dd70e169bb5449e6bc6ff96aea89c5eea8c5f6ab5e207fc2f521a2cf4a0da9"
            ],
            "index": "pypi",
            "version": "==1.4.2"
        },
        "pathlib2": {
            "hashes": [
                "sha256:d32550b75a818b289bd4c1f96b60c89957811da205afcceab75bc8b4857ea5b3",
                "sha256:db3e43032d23787d3e9aec8c7ef1e0d2c3c589d5f303477661ebda2ca6d4bfba"
            ],
            "index": "pypi",
            "version": "==2.3.0"
        },
        "pexpect": {
            "hashes": [
                "sha256:3d132465a75b57aa818341c6521392a06cc660feb3988d7f1074f39bd23c9a92",
                "sha256:f853b52afaf3b064d29854771e2db509ef80392509bde2dd7a6ecf2dfc3f0018"
            ],
            "index": "pypi",
            "version": "==4.2.1"
        },
        "pickleshare": {
            "hashes": [
                "sha256:84a9257227dfdd6fe1b4be1319096c20eb85ff1e82c7932f36efccfe1b09737b",
                "sha256:c9a2541f25aeabc070f12f452e1f2a8eae2abd51e1cd19e8430402bdf4c1d8b5"
            ],
            "index": "pypi",
            "version": "==0.7.4"
        },
        "pillow": {
            "hashes": [
                "sha256:00633bc2ec40313f4daf351855e506d296ec3c553f21b66720d0f1225ca84c6f",
                "sha256:040144ba422216aecf7577484865ade90e1a475f867301c48bf9fbd7579efd76",
                "sha256:16246261ff22368e5e32ad74d5ef40403ab6895171a7fc6d34f6c17cfc0f1943",
                "sha256:1cb38df69362af35c14d4a50123b63c7ff18ec9a6d4d5da629a6f19d05e16ba8",
                "sha256:3b4560c3891b05022c464b09121bd507c477505a4e19d703e1027a3a7c68d896",
                "sha256:438a3faf5f702c8d0f80b9f9f9b8382cfa048ca6a0d64ef71b86b563b0ee0359",
                "sha256:4d32c8e3623a61d6e29ccd024066cd1ba556555abfb4cd714155020e00107e3f",
                "sha256:4d8077fd649ac40a5c4165f2c22fa2a4ad18c668e271ecb2f9d849d1017a9313",
                "sha256:62ec7ae98357fcd46002c110bb7cad15fce532776f0cbe7ca1d44c49b837d49d",
                "sha256:6eca36905444c4b91fe61f1b9933a47a30480738a1dd26501ff67d94fc2bc112",
                "sha256:7673e7473a13107059377c96c563aa36f73184c29d2926882e0a0210b779a1e7",
                "sha256:81762cf5fca9a82b53b7b2d0e6b420e0f3b06167b97678c81d00470daa622d58",
                "sha256:9b66e968da9c4393f5795285528bc862c7b97b91251f31a08004a3c626d18114",
                "sha256:b48401752496757e95304a46213c3155bc911ac884bed2e9b275ce1c1df3e293",
                "sha256:b6cf18f9e653a8077522bb3aa753a776b117e3e0cc872c25811cfdf1459491c2",
                "sha256:bb8adab1877e9213385cbb1adc297ed8337e01872c42a30cfaa66ff8c422779c",
                "sha256:cee9bc75bff455d317b6947081df0824a8f118de2786dc3d74a3503fd631f4ef",
                "sha256:d0dc1313dff48af64517cbbd85e046d6b477fbe5e9d69712801f024dcb08c62b",
                "sha256:e52e8f675ba0b2b417fa98579e7286a41a8e23871f17f4793772f5aa884fea79",
                "sha256:e87cc1acbebf263f308a8494272c2d42016aa33c32bf14d209c81e1f65e11868",
                "sha256:ea0091cd4100519cedfeea2c659f52291f535ac6725e2368bcf59e874f270efa",
                "sha256:eeb247f4f4d962942b3b555530b0c63b77473c7bfe475e51c6b75b7344b49ce3",
                "sha256:f0d4433adce6075efd24fc0285135248b0b50f5a58129c7e552030e04fe45c7f",
                "sha256:f1f3bd92f8e12dc22884935a73c9f94c4d9bd0d34410c456540713d6b7832b8c",
                "sha256:f5f302db65e2e0ae96e26670818157640d3ca83a3054c290eff3631598dcf819",
                "sha256:f7634d534662bbb08976db801ba27a112aee23e597eeaf09267b4575341e45bf",
                "sha256:fe6931db24716a0845bd8c8915bd096b77c2a7043e6fc59ae9ca364fe816f08b"
            ],
            "index": "pypi",
            "version": "==5.1.0"
        },
        "pluggy": {
            "hashes": [
                "sha256:0db4b7601aae1d35b4a033282da476845aa19185c1e6964b25cf324b5e4ec3e6",
                "sha256:fa5fa1622fa6dd5c030e9cad086fa19ef6a0cf6d7a2d12318e10cb49d6d68f34"
            ],
            "version": "==0.13.0"
        },
        "prometheus-client": {
            "hashes": [
                "sha256:e8c11ff5ca53de6c3d91e1510500611cafd1d247a937ec6c588a0a7cc3bef93c"
            ],
            "index": "pypi",
            "version": "==0.5.0"
        },
        "prompt-toolkit": {
            "hashes": [
                "sha256:1df952620eccb399c53ebb359cc7d9a8d3a9538cb34c5a1344bdbeb29fbcc381",
                "sha256:3f473ae040ddaa52b52f97f6b4a493cfa9f5920c255a12dc56a7d34397a398a4",
                "sha256:858588f1983ca497f1cf4ffde01d978a3ea02b01c8a26a8bbc5cd2e66d816917"
            ],
            "index": "pypi",
            "version": "==1.0.15"
        },
        "ptyprocess": {
            "hashes": [
                "sha256:e64193f0047ad603b71f202332ab5527c5e52aa7c8b609704fc28c0dc20c4365",
                "sha256:e8c43b5eee76b2083a9badde89fd1bbce6c8942d1045146e100b7b5e014f4f1a"
            ],
            "index": "pypi",
            "version": "==0.5.2"
        },
        "py": {
            "hashes": [
                "sha256:64f65755aee5b381cea27766a3a147c3f15b9b6b9ac88676de66ba2ae36793fa",
                "sha256:dc639b046a6e2cff5bbe40194ad65936d6ba360b52b3c3fe1d08a82dd50b5e53"
            ],
            "version": "==1.8.0"
        },
        "pycocotools": {
            "hashes": [
                "sha256:cbb8c2fbab80450a67ee9879c63b0bc8a69e58dd9a0153d55de404c0d383a94b"
            ],
            "index": "pypi",
            "version": "==2.0.0"
        },
        "pygments": {
            "hashes": [
                "sha256:78f3f434bcc5d6ee09020f92ba487f95ba50f1e3ef83ae96b9d5ffa1bab25c5d",
                "sha256:dbae1046def0efb574852fab9e90209b23f556367b5a320c0bcb871c77c3e8cc"
            ],
            "index": "pypi",
            "version": "==2.2.0"
        },
        "pyparsing": {
            "hashes": [
                "sha256:0832bcf47acd283788593e7a0f542407bd9550a55a8a8435214a1960e04bcb04",
                "sha256:fee43f17a9c4087e7ed1605bd6df994c6173c1e977d7ade7b651292fab2bd010"
            ],
            "index": "pypi",
            "version": "==2.2.0"
        },
        "pytest": {
            "hashes": [
                "sha256:8e256fe71eb74e14a4d20a5987bb5e1488f0511ee800680aaedc62b9358714e8",
                "sha256:ff0090819f669aaa0284d0f4aad1a6d9d67a6efdc6dd4eb4ac56b704f890a0d6"
            ],
            "version": "==5.2.4"
        },
        "python-dateutil": {
            "hashes": [
                "sha256:891c38b2a02f5bb1be3e4793866c8df49c7d19baabf9c1bad62547e0b4866aca",
                "sha256:95511bae634d69bc7329ba55e646499a842bc4ec342ad54a8cdb65645a0aad3c"
            ],
            "index": "pypi",
            "version": "==2.6.1"
        },
        "python-interface": {
            "hashes": [
                "sha256:52df64b481b902ac731ce6d36175b44b35d596be286ffb4b729de83c2f100831"
            ],
            "index": "pypi",
            "version": "==1.2.0"
        },
        "pytz": {
            "hashes": [
                "sha256:d1d6729c85acea5423671382868627129432fba9a89ecbb248d8d1c7a9f01c67",
                "sha256:f5c056e8f62d45ba8215e5cb8f50dfccb198b4b9fbea8500674f3443e4689589"
            ],
            "index": "pypi",
            "version": "==2017.2"
        },
        "pywavelets": {
            "hashes": [
                "sha256:012dfae798fb7f6e522d0c9789ce73b442d2fe98396a6091adfacd1b24d4ae2f",
                "sha256:09f42f82ecc1be2f293f83f4e9c55866272cf9f92ac7a3b72705cba7512bd723",
                "sha256:15ae04312c007501b316d24de41f8df9c2a0fa7089e3724d584cd7b1cfd8fcae",
                "sha256:1b9f0af21aa8b211cda4ff4083478a9fb66ad5a3f2c06300ac84fd9377d95dfc",
                "sha256:1cbbeb95aef2ad45948e357932f88d701bba74ecbad461fba0670bcbd1015b3a",
                "sha256:1d9094b9e5204e446b7ea750b4f5f0bec8d62f2abd740484addde593cfe8c4d5",
                "sha256:2898fcb09a1bf4f31001bc6b2a5b7b908f17f32c8b1b44ff67d70c5e7ece9f3d",
                "sha256:2ba7fda7bca875a2e2f07ad40802da20d78aa197a35d133d24c4f642d1334e15",
                "sha256:2e596bbc4e9bc0a544cecdb1c2355ebda73e5a5afc25b20dfa2cded8ef20c94c",
                "sha256:30782f2f38d7b89cd6c0562bba70d6cdd14eeac53d9164ee58d2a21714f34047",
                "sha256:3cdf80fec5d93ccf5d529e4a481a4a318b14b44624cc8857686e7c682f73e706",
                "sha256:4c4aa204cc2cee71f5ed1302caa69a0a5e1d2b36ad56997b7f64e56cf8415a78",
                "sha256:50f386b422cd7005b8f69fc20d1502182d80e5b9f7345d5ca4b9ff640364d77d",
                "sha256:5bc9546c6f3d1af03d0d8d7a58459115cb526c337317f64f13486e0be96a51a7",
                "sha256:5e78b45c8726249df7225da1cf1d08e07ca4d84dd66d49182f23b090f48e21dc",
                "sha256:6607067b46ecbac6f6f2ebca83bcc20e51d77c022c6f033f62b9ec173eee5f60",
                "sha256:8287961e62f4049491b4ae6d64da71bf98acdbbe593a62c6ceb0be5f06f4d253",
                "sha256:9d8729b972943cbd1849a75beb6a87878eb3f9fa9639d027f240d25c4269ae84",
                "sha256:b28f8a6792f237a18c416d33ceba6995c14e5f1b3f678a2997e5a9dd34251462",
                "sha256:b326fd1788beaf11cb14c7c336808f46a01c43e40294070a906eedd865b67d5f",
                "sha256:b75ab51470f8837ee8b374bfa4b5eb5a6da384de1ed3f38cd5d193423171ad62",
                "sha256:c8795dcabedf97b3ad4978102140c40ab8f22579eb1e7516d251d57a58dd46c1",
                "sha256:ce36e2f0648ea1781490b09515363f1f64446b0eac524603e5db5e180113bed9",
                "sha256:d69289039d7eb2ebc3275db7bf13d34df0c1bdf51955466a8ef792a309aaf0fe",
                "sha256:e6cf3644166884a35fe45c1027cbc76bcdd5c17a74b013f51f54e73a522b1393",
                "sha256:eb7f30782ba48cd06b957f6c7728bdcdcc3159b7805bdbd362370d8f5cb81603",
                "sha256:ebb3b3f460b1bd5214c49c18ee20971c8efffb9fa482fce0687be1630202cd65",
                "sha256:f801fa177f2756da4d7c25ff49f0f09bf56adbdfb1e05582f377948d2faf18de"
            ],
            "index": "pypi",
            "version": "==0.5.2"
        },
        "pyyaml": {
            "hashes": [
                "sha256:16b20e970597e051997d90dc2cddc713a2876c47e3d92d59ee198700c5427736",
                "sha256:3262c96a1ca437e7e4763e2843746588a965426550f3797a79fca9c6199c431f",
                "sha256:592766c6303207a20efc445587778322d7f73b161bd994f227adaa341ba212ab",
                "sha256:5ac82e411044fb129bae5cfbeb3ba626acb2af31a8d17d175004b70862a741a7",
                "sha256:827dc04b8fa7d07c44de11fabbc888e627fa8293b695e0f99cb544fdfa1bf0d1",
                "sha256:bc6bced57f826ca7cb5125a10b23fd0f2fff3b7c4701d64c439a300ce665fff8",
                "sha256:c01b880ec30b5a6e6aa67b09a2fe3fb30473008c85cd6a67359a1b15ed6d83a4",
                "sha256:e863072cdf4c72eebf179342c94e6989c67185842d9997960b3e69290b2fa269"
            ],
            "index": "pypi",
            "version": "==3.12"
        },
        "pyzmq": {
            "hashes": [
                "sha256:0145ae59139b41f65e047a3a9ed11bbc36e37d5e96c64382fcdff911c4d8c3f0",
                "sha256:18de8a02768b1c0b3495ac635b24bd902fafc08befb70a6e68c4d343ccbd6cbd",
                "sha256:2fb4d745ffe0a65ebf8fd29df093bb5c0ac96a506cb05b9a7b7c94b2524ae7f6",
                "sha256:4193cc666591495ab7fe8d24fa8374a35f9775f16dc7c46e03615559e1fc1855",
                "sha256:445fed4d71ac48da258ba38f2e29c88c5091124212a4004a0a6a42e6586a7de1",
                "sha256:538dfdd9542cf9ff37cd958da03b58d56b53b90800159ea07adc51a8ec7ffcb8",
                "sha256:613ac1fc4591b1c6a0a52ce3ed17dbffd6a17e985df504e8b4cdb987f97285b1",
                "sha256:630fb21f7474eb9e409a1ad476bf1ec489a69eb021172d422f2485cc3a44cd79",
                "sha256:6c3632d2c17cf03ce728ffaa328d45bb053623b3a0aa9747adcde81778d5a4d5",
                "sha256:72a490db0e34c204764457a6853afde7c0d1aa01b6dbbbaea064636614b774c6",
                "sha256:767e1d0b1f7fff1950127abc08c5a5af2754987bc6480c6d641bed6971278a7a",
                "sha256:863ec1bfa52da6eaa5c4aa59143eeaeb4ef7a076862407a548ec645f25e6d6df",
                "sha256:a0ecf4c3eccd92f030a4e3e334b9da6fa3ee86be00249343c74e476d70567d0f",
                "sha256:ad5a8b19b6671b52d30ccfc3a0f4c600e49c4e2dcc88caf4106ed5958dec8d5e",
                "sha256:b31f2b50ad2920f21b904f5edf66bee324e42bb978df1407ecf381b210d4678e",
                "sha256:b328c538061757f627d32f7f8885c16f1d2f59f5374e057822f3c8e6cd94c41b",
                "sha256:b89268020a843d4c3cc04180577ec061fe96d35f267b0b672cb006e4d70560da",
                "sha256:ba0b43aebf856e5e249250d74c1232d6600b6859328920d12e2ba72a565ab1b1",
                "sha256:bdb12b485b3440b5193cd337d27cc126cdfc54ea9f38df237e1ead6216435cbe",
                "sha256:c30d27c9b35285597b8ef3019f97b9b98457b053f65dcc87a90dfdd4db09ca78",
                "sha256:d51eb3902d27d691483243707bfa67972167a70269bbbc172b74eeac4f780a1d",
                "sha256:e5578ae84bb94e97adadfcb00106a1cb161cb8017f89b01f6c3737f356257811",
                "sha256:f35b4cdeffff79357a9d929daa2a8620fb362b2cbeebdc5dd2cf9fcd27c44821",
                "sha256:fb983aec4bddee3680a0b7395f99e4595d70d81841370da736c5dc642bad4cd2"
            ],
            "index": "pypi",
            "version": "==17.0.0"
        },
        "qtconsole": {
            "hashes": [
                "sha256:b3d10314cbaad76c3157cf922eb410812cde472e8e7c6bd3d5a92d30145bcde1",
                "sha256:eff8c2faeda567a0bef5781f419a64e9977988db101652b312b9d74ec0a5109c"
            ],
            "index": "pypi",
            "version": "==4.3.1"
        },
        "scandir": {
            "hashes": [
                "sha256:2586c94e907d99617887daed6c1d102b5ca28f1085f90446554abf1faf73123e",
                "sha256:2ae41f43797ca0c11591c0c35f2f5875fa99f8797cb1a1fd440497ec0ae4b022",
                "sha256:2b8e3888b11abb2217a32af0766bc06b65cc4a928d8727828ee68af5a967fa6f",
                "sha256:2c712840c2e2ee8dfaf36034080108d30060d759c7b73a01a52251cc8989f11f",
                "sha256:4d4631f6062e658e9007ab3149a9b914f3548cb38bfb021c64f39a025ce578ae",
                "sha256:67f15b6f83e6507fdc6fca22fedf6ef8b334b399ca27c6b568cbfaa82a364173",
                "sha256:7d2d7a06a252764061a020407b997dd036f7bd6a175a5ba2b345f0a357f0b3f4",
                "sha256:8c5922863e44ffc00c5c693190648daa6d15e7c1207ed02d6f46a8dcc2869d32",
                "sha256:92c85ac42f41ffdc35b6da57ed991575bdbe69db895507af88b9f499b701c188",
                "sha256:b24086f2375c4a094a6b51e78b4cf7ca16c721dcee2eddd7aa6494b42d6d519d",
                "sha256:cb925555f43060a1745d0a321cca94bcea927c50114b623d73179189a4e100ac"
            ],
            "index": "pypi",
            "version": "==1.10.0"
        },
        "scikit-image": {
            "hashes": [
                "sha256:0de04a28b48ec00ad4ba8197fa1e6bd4d382609bf56b5ba23971c6fa3bddeccf",
                "sha256:199ba92019c5549783aa629b615394bec7302572b6f5727017a78d3ccc737de9",
                "sha256:21c989eea994597a4ccb5b6cb16f6700a0b39d3e9f6c2a83a692c7345b02eb5e",
                "sha256:2c316bdec863bdd5eaa5d527a7b82a4e78237816faec46bd178b8ff7e30b5500",
                "sha256:353879ddf7483f4621872c49cd9bc8a0ad1c3154ac0670b70799922f4cb899e8",
                "sha256:591895cf2620df3aef510c658f93069dc5e482bc244544fe2dbeda8578dcf5c5",
                "sha256:5c27b7b7500e3405114c8fda474a5be27823741c0e8e7cdb7142c8da8895f8fb",
                "sha256:7dfcd39eb004c2e1595ad6ab1d0dd1e83bc065efe6260376bb4b45df12cfa101",
                "sha256:944feb2920ac6a8fc63f05c4abc6811d6fd270b7b5a586cef37cb4ce65534355",
                "sha256:9535c1e770f476f8d79992bf632fce01da80f52a0a7e34da56834e7483771afe",
                "sha256:9fdef28d7f54411d80d37bbcede324c45abf44ee4b804f25e52c5967dfc2a00c",
                "sha256:a01b1d29a67b1721dcc674f88d8f8c3660c16e84a914bf4eef8ba6bf135379d7",
                "sha256:b16e80c49bdd764d8e22e9a4edf741913c5b5b6c0918d8c8f266c2b5e385553e",
                "sha256:cdb41868c766d4607ded5c158fc195853859a0e3e108ab5804c3acdd3d592d86",
                "sha256:d109ffd1e2a314c6cb448d22e8a5fd0b8f39031faeeb38b63fbb104822f06d3a",
                "sha256:d5a12eb267cb901de57318d00d3e7514035f10a8b5d6710d7ecce7d106ca0b43",
                "sha256:dc2c0a351d1c30448c52df007ef1aa3d2a49dd1ded132e89a217e8ec4afe0f04",
                "sha256:e18953a500faed68163e6cea9b274865dff27faee9186fa76a637cb23391908e",
                "sha256:f1a06c39888cfdab005cf297d854a204209d7623586546a1364ee996eb41e423"
            ],
            "index": "pypi",
            "version": "==0.13.1"
        },
        "scipy": {
            "hashes": [
                "sha256:023ee29faa76c184a607e21076f097dc32f3abba7c71ece374588f95920aa993",
                "sha256:1e8fedf602859b541ebae78667ccfc53158edef58d9ee19ee659309004565952",
                "sha256:2a26d06a642e3c9107ca06df125f5dc5507abe2b87fd7865415d03ab654b0b43",
                "sha256:2a3b6ceadbb58d8b8d4a329f8219f9e6f17757ec6c85baf03987bbd2b728c263",
                "sha256:2c9e87d556b83a8e11de7a064856c3997bbaff7f9cf62bf63ff0623751549e4c",
                "sha256:2dc9bcfaa585d9d941fb1add0d160556fe8587c3800264a77643695565a2d279",
                "sha256:4118647273c907ed984da52b71fa2bbb30229f1820fb79b1ed087c8bc9a20cca",
                "sha256:4c26ef44e8bb2cd2aef11c60d163caa04670d6f42996789b209526677310ded2",
                "sha256:4de84e3870228e8afd55a6e63e762aa7c9d1e3bd9a9ef5ab716835a69c77d257",
                "sha256:78713101b32af384c564837fd7ae665a2a72cb6d49edbd8f32148d74724a65a8",
                "sha256:909be30bdd1d8cd57609760ea72a1499543169ed6ea5c66fad50946582682cf8",
                "sha256:93825cc80c638d901099f657dfff852ad2421beb51cb7d1d3f91157741ebe287",
                "sha256:a19a2ca7a7336495ec180adeaa0dfdcf41e96dbbee90d51c3ed828ba570884e6",
                "sha256:b3e97be2cd9f052d984fc5ba2d441897971b744c64d658617944c47bc366f8ff",
                "sha256:b87a923ed390ba0aafcbbcc6f0e023d495f19d2bd22ae59bdef3b0aec6485b39"
            ],
            "index": "pypi",
            "version": "==0.19.1"
        },
        "send2trash": {
            "hashes": [
                "sha256:60001cc07d707fe247c94f74ca6ac0d3255aabcb930529690897ca2a39db28b2",
                "sha256:f1691922577b6fa12821234aeb57599d887c4900b9ca537948d2dac34aea888b"
            ],
            "index": "pypi",
            "version": "==1.5.0"
        },
        "simplegeneric": {
            "hashes": [
                "sha256:dc972e06094b9af5b855b3df4a646395e43d1c9d0d39ed345b7393560d0b9173"
            ],
            "index": "pypi",
            "version": "==0.8.1"
        },
        "singledispatch": {
            "hashes": [
                "sha256:5b06af87df13818d14f08a028e42f566640aef80805c3b50c5056b086e3c2b9c",
                "sha256:833b46966687b3de7f438c761ac475213e53b306740f1abfaa86e1d1aae56aa8"
            ],
            "index": "pypi",
            "version": "==3.4.0.3"
        },
        "six": {
            "hashes": [
                "sha256:70e8a77beed4562e7f14fe23a786b54f6296e34344c23bc42f07b15018ff98e9",
                "sha256:832dc0e10feb1aa2c68dcc57dbb658f1c7e65b9b61af69048abc87a2db00a0eb"
            ],
            "index": "pypi",
            "version": "==1.11.0"
        },
        "terminado": {
            "hashes": [
                "sha256:55abf9ade563b8f9be1f34e4233c7b7bde726059947a593322e8a553cc4c067a",
                "sha256:65011551baff97f5414c67018e908110693143cfbaeb16831b743fe7cad8b927"
            ],
            "index": "pypi",
            "version": "==0.8.1"
        },
        "testpath": {
            "hashes": [
                "sha256:039fa6a6c9fd3488f8336d23aebbfead5fa602c4a47d49d83845f55a595ec1b4",
                "sha256:0d5337839c788da5900df70f8e01015aec141aa3fe7936cb0d0a2953f7ac7609"
            ],
            "index": "pypi",
            "version": "==0.3.1"
        },
        "torch": {
            "hashes": [
                "sha256:0698d0a48014b9b8f36d93e69901eca2e7ec712cd2033908f7a77e7d86a4f0d7",
                "sha256:2ac8e58b069232f079bd289aa160366a9367ae1a4616a2c1007dceed19ff9bfa",
                "sha256:43a0e28c448ddeea65fb9e956bc743389592afac824095bdbc08e8a87364c639",
                "sha256:661ad06b4616663149bd504e8c0271196d0386712e21a92619d95ba88138794a",
                "sha256:880a0c22692eaebbce808a5bf2255ab7d345ab43c40795be0a421c6250ba0fb4",
                "sha256:a13bf6f78a49d844b85c142b8cd62d2e1833a11ed21ea0bc6b1ac73d24c76415",
                "sha256:a8c21f82fd03b67927078ea917040478c3263753fe1906fc19d0f5f0c7d9aa10",
                "sha256:b87fd224a7de3bc01ce87eb947698797b4514e27115b0aa60a56991515dd9dd6",
                "sha256:f63d489c54b4f170ce8335727bbb196ceb9acd0e7805477bbef8fabc914bc0f9"
            ],
            "index": "pypi",
            "version": "==1.2.0"
        },
        "torchvision": {
            "hashes": [
                "sha256:3a8e9403252fefdf6e8f9993ae111d28eb4ad1e73f696f03de485d7f77d88067",
                "sha256:6fff5a31d50de3a59dcceda2a48de9df33a5f43357dc3e0da0ffbb97699aec52",
                "sha256:740b3718470aa4ec0b389df876eb25117df1952dd2e8105b7828a02aa5bce73b",
                "sha256:8114c33b736ee430496eef4fe03b25be8b939b2abd2a968558737bb9aed1928b",
                "sha256:904ef213594672f2ed7fafa3ab010cbf2a4704a951a7bf221cf36b3d2e3acd62",
                "sha256:afff8e987564192bc7f139d8b089541d4471ad6fc99e977e8bc8dbb4e0873041",
                "sha256:d7939f2ca401de3067a30b6f4dcef63d13d24a4cd1ddc2d3a9af3413ce658d03",
                "sha256:d8c2402704ce8ef8e87e4922160388c7ca010ef27700082014d6bd694cf1cc51",
                "sha256:e00de7571d83f968f5aea7a59e84e3262669acef0a077ce4bd705eca2df68167"
            ],
            "index": "pypi",
            "version": "==0.4.0"
        },
        "tornado": {
            "hashes": [
                "sha256:1fb8e494cd46c674d86fac5885a3ff87b0e283937a47d74eb3c02a48c9e89ad0",
                "sha256:2b40720a7b164848ca5c51fab0feac7e3717adcb87bec77f81f7809b72bf7f56",
                "sha256:62a5d4c66bf4e86d25a02e9de97293860b59e61f9c465e80336ba0fc308aacf6",
                "sha256:e66f47db4753c6f6849af1f82f04bdc7d2c1f5d64b7cc11ddd17230295c8887f",
                "sha256:f109c066411c44bcd3bc877267b45feb8e29092ede59dd0582739444c2344b00"
            ],
            "index": "pypi",
            "version": "==4.5.2"
        },
        "traitlets": {
            "hashes": [
                "sha256:9c4bd2d267b7153df9152698efb1050a5d84982d3384a37b2c1f7723ba3e7835",
                "sha256:c6cb5e6f57c5a9bdaa40fa71ce7b4af30298fbab9ece9815b5d995ab6217c7d9"
            ],
            "index": "pypi",
            "version": "==4.3.2"
        },
        "typing": {
            "hashes": [
                "sha256:349b1f9c109c84b53ac79ac1d822eaa68fc91d63b321bd9392df15098f746f53",
                "sha256:63a8255fe7c6269916baa440eb9b6a67139b0b97a01af632e7bd2842e1e02f15",
                "sha256:d514bd84b284dd3e844f0305ac07511f097e325171f6cc4a20878d11ad771849"
            ],
            "index": "pypi",
            "version": "==3.6.2"
        },
        "ujson": {
            "hashes": [
                "sha256:f66073e5506e91d204ab0c614a148d5aa938bdbf104751be66f8ad7a222f5f86"
            ],
            "index": "pypi",
            "version": "==1.35"
        },
        "wcwidth": {
            "hashes": [
                "sha256:3df37372226d6e63e1b1e1eda15c594bca98a22d33a23832a90998faa96bc65e",
                "sha256:f4ebe71925af7b40a864553f761ed559b43544f8f71746c2d756c7fe788ade7c"
            ],
            "index": "pypi",
            "version": "==0.1.7"
        },
        "webencodings": {
            "hashes": [
                "sha256:a0af1213f3c2226497a97e2b3aa01a7e4bee4f403f95be16fc9acd2947514a78",
                "sha256:b36a1c245f2d304965eb4e0a82848379241dc04b865afcc4aab16748587e1923"
            ],
            "index": "pypi",
            "version": "==0.5.1"
        },
        "widgetsnbextension": {
            "hashes": [
                "sha256:8230e139fc70b7f1a98ce80de626182742a804fb6b3543b8ac0189b91e45255b",
                "sha256:ed242439c6407a7a9dc1aaa208198a93ef749ed1f930eba2b94ea94d49cabaa6"
            ],
            "index": "pypi",
            "version": "==3.0.3"
        },
        "zipp": {
            "hashes": [
                "sha256:3718b1cbcd963c7d4c5511a8240812904164b7f381b647143a89d3b98f9bcd8e",
                "sha256:f06903e9f1f43b12d371004b4ac7b06ab39a44adc747266928ae6debfa7b3335"
            ],
            "version": "==0.6.0"
        },
        "zope.event": {
            "hashes": [
                "sha256:57b5fefd1d92774a7c26d7307b7ad9d0eac2181fd320b2061e69216e2a3b3a07",
                "sha256:e0ecea24247a837c71c106b0341a7a997e3653da820d21ef6c08b32548f733e7"
            ],
            "index": "pypi",
            "version": "==4.3.0"
        },
        "zope.interface": {
            "hashes": [
                "sha256:11b068fc9916556f3820f38c2376c28d8e55e4a2c51c34915aaac38b75706d2e",
                "sha256:16fe824b3d93ee0629aa1f04848a1b515d6b5dc9e98cc7a04feaa35fdb0de5f1",
                "sha256:1d954d557b63124a65f2247ac6ed66fa36df18d1e8538d08c9b432e808a634de",
                "sha256:3d033abd27cd54157cf42a3bfd4d8c28d7fc5c6f775df3332307d2632a79925b",
                "sha256:4be05f79e952793f31a0c2d6a0672c81a3300315da587ce6a590357595217005",
                "sha256:4cb1c56b0356da9a33249ef77a688c47107f54191c12a0055d284b6bee7f447e",
                "sha256:5a8cc535f4212b134e66a3e1c6b93b19d453dbad0e2f89d0df2c01deefc8cad9",
                "sha256:5d8813e438ab67a793b09e1223742b757dd95a4a64d466855a53cb113cc9c9c4",
                "sha256:78321a6c0c8cc6ac928e44ef04d50384bc864a7f5e3c25b84110da2ede83739f",
                "sha256:88e3d54e88a601f45d03e2a062d5d16852d20e0863a92c19260ae72e2586378a",
                "sha256:8dfdc1588db31895f81bcba6c36dc981b4cf4a526c62eae3745bbfbe102477ef",
                "sha256:9902d5fc11309e17cdce6574243dc114b9c30de5c60ab53c90f6e3e962688565",
                "sha256:a16a3e07511fb6806bb48c8c661d38cdb91cd4bc6c2b6b0b173e72362ec1ceb4",
                "sha256:a21d69de2ee89fc59de93e7a43c0379ecedb5149739ff94e910c2bf0ca18e181",
                "sha256:a6375035a4b45d199a8b990e3a2f6b71906c318c56dfc14b2d58350b6ca59392",
                "sha256:aef398a5b92e70b8152d2c4850bad0fe185adb50d948f32d0bba5694d82b67c7",
                "sha256:b8f3491c9df4f0ffed32b275033e74041f420e5dcdefa4b1500d753c64ef42cf",
                "sha256:bd626cd76b7e5cbecac9d3e0dd8f98e3eada15ead95713238a523f877327633d",
                "sha256:d6d26d5dfbfd60c65152938fcb82f949e8dada37c041f72916fef6621ba5c5ce",
                "sha256:dec19181cf6af58ccb8ba3fa3ca9d4ec555b2f3cb31f589f6e86d15df0926c31",
                "sha256:f47d4138405eb67e5f059b9ab74e0a1147adc3277f5fe37d5bae5209b67e89e7",
                "sha256:f6868378fffbb8651f1f8a767d17e42aed39926c8f6bb9c56f184022fe6c2090",
                "sha256:ff20038fbc0e7ea050a7e28fcb8ae6ed8378a8d08ac70b848ea39960dda86bbf"
            ],
            "index": "pypi",
            "version": "==4.4.3"
        },
        "zope.schema": {
            "hashes": [
                "sha256:9ab57420f07a28c94b4f0f9025b0059ce940e1dc8f27f9472097bf72693c949a",
                "sha256:ad0bf20272963afaaf066a523ae53ddca6a094cb77fc8a61779d8c5a8815a05e"
            ],
            "index": "pypi",
            "version": "==4.5.0"
        }
    },
    "develop": {}
}
